{
  "name": "bohe-jubensha-edgeone",
  "version": "1.0.0",
  "lockfileVersion": 3,
  "requires": true,
  "packages": {
    "": {
      "name": "bohe-jubensha-edgeone",
      "version": "1.0.0",
      "dependencies": {
        "@edgeone/pages-blob": "latest"
      }
    },
    "node_modules/@edgeone/pages-blob": {
      "version": "0.0.12",
      "resolved": "https://registry.npmjs.org/@edgeone/pages-blob/-/pages-blob-0.0.12.tgz",
      "integrity": "sha512-HSrlwg8E9OpHhwQHwv6KW5REmyyKs81P+l01yU6LV7yrxjME5asnKdHMwIz0YAAncQf15CTDvhaGZenXDBz6Rg==",
      "license": "MIT",
      "engines": {
        "node": ">=18.0.0"
      }
    }
  }
}
